<?xml version="1.0" encoding="UTF-8"?>
<Scheme
   LastUpgradeVersion = "0640"
   version = "1.3">
   <BuildAction
      parallelizeBuildables = "YES"
      buildImplicitDependencies = "YES">
      <BuildActionEntries>
         <BuildActionEntry
            buildForTesting = "YES"
            buildForRunning = "YES"
            buildForProfiling = "YES"
            buildForArchiving = "YES"
            buildForAnalyzing = "YES">
            <BuildableReference
               BuildableIdentifier = "primary"
               BlueprintIdentifier = "84B765831B76F85B00E91A1E"
               BuildableName = "&#x4eff;&#x5fae;&#x4fe1;&#x67e5;&#x770b;&#x5934;&#x50cf;.app"
               BlueprintName = "&#x4eff;&#x5fae;&#x4fe1;&#x67e5;&#x770b;&#x5934;&#x50cf;"
               ReferencedContainer = "container:&#x4eff;&#x5fae;&#x4fe1;&#x67e5;&#x770b;&#x5934;&#x50cf;.xcodeproj">
            </BuildableReference>
         </BuildActionEntry>
         <BuildActionEntry
            buildForTesting = "YES"
            buildForRunning = "YES"
            buildForProfiling = "NO"
            buildForArchiving = "NO"
            buildForAnalyzing = "YES">
            <BuildableReference
               BuildableIdentifier = "primary"
               BlueprintIdentifier = "84B7659C1B76F85B00E91A1E"
               BuildableName = "&#x4eff;&#x5fae;&#x4fe1;&#x67e5;&#x770b;&#x5934;&#x50cf;Tests.xctest"
               BlueprintName = "&#x4eff;&#x5fae;&#x4fe1;&#x67e5;&#x770b;&#x5934;&#x50cf;Tests"
               ReferencedContainer = "container:&#x4eff;&#x5fae;&#x4fe1;&#x67e5;&#x770b;&#x5934;&#x50cf;.xcodeproj">
            </BuildableReference>
         </BuildActionEntry>
      </BuildActionEntries>
   </BuildAction>
   <TestAction
      selectedDebuggerIdentifier = "Xcode.DebuggerFoundation.Debugger.LLDB"
      selectedLauncherIdentifier = "Xcode.DebuggerFoundation.Launcher.LLDB"
      shouldUseLaunchSchemeArgsEnv = "YES"
      buildConfiguration = "Debug">
      <Testables>
         <TestableReference
            skipped = "NO">
            <BuildableReference
               BuildableIdentifier = "primary"
               BlueprintIdentifier = "84B7659C1B76F85B00E91A1E"
               BuildableName = "&#x4eff;&#x5fae;&#x4fe1;&#x67e5;&#x770b;&#x5934;&#x50cf;Tests.xctest"
               BlueprintName = "&#x4eff;&#x5fae;&#x4fe1;&#x67e5;&#x770b;&#x5934;&#x50cf;Tests"
               ReferencedContainer = "container:&#x4eff;&#x5fae;&#x4fe1;&#x67e5;&#x770b;&#x5934;&#x50cf;.xcodeproj">
            </BuildableReference>
         </TestableReference>
      </Testables>
      <MacroExpansion>
         <BuildableReference
            BuildableIdentifier = "primary"
            BlueprintIdentifier = "84B765831B76F85B00E91A1E"
            BuildableName = "&#x4eff;&#x5fae;&#x4fe1;&#x67e5;&#x770b;&#x5934;&#x50cf;.app"
            BlueprintName = "&#x4eff;&#x5fae;&#x4fe1;&#x67e5;&#x770b;&#x5934;&#x50cf;"
            ReferencedContainer = "container:&#x4eff;&#x5fae;&#x4fe1;&#x67e5;&#x770b;&#x5934;&#x50cf;.xcodeproj">
         </BuildableReference>
      </MacroExpansion>
   </TestAction>
   <LaunchAction
      selectedDebuggerIdentifier = "Xcode.DebuggerFoundation.Debugger.LLDB"
      selectedLauncherIdentifier = "Xcode.DebuggerFoundation.Launcher.LLDB"
      launchStyle = "0"
      useCustomWorkingDirectory = "NO"
      buildConfiguration = "Debug"
      ignoresPersistentStateOnLaunch = "NO"
      debugDocumentVersioning = "YES"
      allowLocationSimulation = "YES">
      <BuildableProductRunnable
         runnableDebuggingMode = "0">
         <BuildableReference
            BuildableIdentifier = "primary"
            BlueprintIdentifier = "84B765831B76F85B00E91A1E"
            BuildableName = "&#x4eff;&#x5fae;&#x4fe1;&#x67e5;&#x770b;&#x5934;&#x50cf;.app"
            BlueprintName = "&#x4eff;&#x5fae;&#x4fe1;&#x67e5;&#x770b;&#x5934;&#x50cf;"
            ReferencedContainer = "container:&#x4eff;&#x5fae;&#x4fe1;&#x67e5;&#x770b;&#x5934;&#x50cf;.xcodeproj">
         </BuildableReference>
      </BuildableProductRunnable>
      <AdditionalOptions>
      </AdditionalOptions>
   </LaunchAction>
   <ProfileAction
      shouldUseLaunchSchemeArgsEnv = "YES"
      savedToolIdentifier = ""
      useCustomWorkingDirectory = "NO"
      buildConfiguration = "Release"
      debugDocumentVersioning = "YES">
      <BuildableProductRunnable
         runnableDebuggingMode = "0">
         <BuildableReference
            BuildableIdentifier = "primary"
            BlueprintIdentifier = "84B765831B76F85B00E91A1E"
            BuildableName = "&#x4eff;&#x5fae;&#x4fe1;&#x67e5;&#x770b;&#x5934;&#x50cf;.app"
            BlueprintName = "&#x4eff;&#x5fae;&#x4fe1;&#x67e5;&#x770b;&#x5934;&#x50cf;"
            ReferencedContainer = "container:&#x4eff;&#x5fae;&#x4fe1;&#x67e5;&#x770b;&#x5934;&#x50cf;.xcodeproj">
         </BuildableReference>
      </BuildableProductRunnable>
   </ProfileAction>
   <AnalyzeAction
      buildConfiguration = "Debug">
   </AnalyzeAction>
   <ArchiveAction
      buildConfiguration = "Release"
      revealArchiveInOrganizer = "YES">
   </ArchiveAction>
</Scheme>
